hash: 6e40daef379bd95bc6bdd7372a89a30303cdd0af18b2c55a2a4ec637941b208e
updated: 2017-07-24T18:11:14.2735175-07:00
imports:
- name: github.com/coreos/etcd
  version: bc9ddf260115d2680191c46977ae72b837785472
  subpackages:
  - Godeps/_workspace/src/github.com/ugorji/go/codec
  - Godeps/_workspace/src/golang.org/x/net/context
  - client
  - pkg/pathutil
  - pkg/types
- name: github.com/coreos/go-systemd
  version: e3e4f602334ec3e1c2cd68322a1284903c62f940
  subpackages:
  - dbus
  - journal
  - login1
- name: github.com/coreos/pkg
  version: 549bd7890e3564e9a2409d9700ea365005edad8d
  subpackages:
  - capnslog
- name: github.com/godbus/dbus
  version: 25a4b8ca48c64b3d631110fb74a210f56c401e0b
- name: github.com/hashicorp/errwrap
  version: 7554cd9344cec97297fa6649b055a8c98c2a1e55
- name: github.com/rkt/rkt
  version: aab7ece56084422864bbfb6d61b47ad35226b96c
  subpackages:
  - pkg/lock
- name: github.com/ugorji/go
  version: f1f1a805ed361a0e078bb537e4ea78cd37dcf065
  subpackages:
  - codec
- name: golang.org/x/net
  version: d513e58596cd55e6f47cd1dcbff6b46035baeccb
  subpackages:
  - context
testImports: []
